
Microsoft Visual Studio Solution File, Format Version 12.00
# Visual Studio Version 17
VisualStudioVersion = 17.14.36915.13
MinimumVisualStudioVersion = 10.0.40219.1
Project("{FAE04EC0-301F-11D3-BF4B-00C04F79EFBC}") = "FinancialStatements.Models", "FinancialStatements.Models\FinancialStatements.Models.csproj", "{B8439DF9-0F1D-177F-0F81-061E617045EE}"
EndProject
Project("{FAE04EC0-301F-11D3-BF4B-00C04F79EFBC}") = "FinancialStatements.DocumentApi", "..\..\..\Dev\Financial Statements\src\FinancialStatements.DocumentApi\FinancialStatements.DocumentApi.csproj", "{170266F4-A49A-A638-77B8-7010893D80EB}"
EndProject
Project("{FAE04EC0-301F-11D3-BF4B-00C04F79EFBC}") = "FinancialStatements.DocumentApi.Tests", "..\..\..\Dev\Financial Statements\src\FinancialStatements.DocumentApi.Tests\FinancialStatements.DocumentApi.Tests.csproj", "{042F72B5-E1C0-0C3F-3945-0BC3A4E06838}"
EndProject
Global
	GlobalSection(SolutionConfigurationPlatforms) = preSolution
		Debug|Any CPU = Debug|Any CPU
		Release|Any CPU = Release|Any CPU
	EndGlobalSection
	GlobalSection(ProjectConfigurationPlatforms) = postSolution
		{B8439DF9-0F1D-177F-0F81-061E617045EE}.Debug|Any CPU.ActiveCfg = Debug|Any CPU
		{B8439DF9-0F1D-177F-0F81-061E617045EE}.Debug|Any CPU.Build.0 = Debug|Any CPU
		{B8439DF9-0F1D-177F-0F81-061E617045EE}.Release|Any CPU.ActiveCfg = Release|Any CPU
		{B8439DF9-0F1D-177F-0F81-061E617045EE}.Release|Any CPU.Build.0 = Release|Any CPU
		{170266F4-A49A-A638-77B8-7010893D80EB}.Debug|Any CPU.ActiveCfg = Debug|Any CPU
		{170266F4-A49A-A638-77B8-7010893D80EB}.Debug|Any CPU.Build.0 = Debug|Any CPU
		{170266F4-A49A-A638-77B8-7010893D80EB}.Release|Any CPU.ActiveCfg = Release|Any CPU
		{170266F4-A49A-A638-77B8-7010893D80EB}.Release|Any CPU.Build.0 = Release|Any CPU
		{042F72B5-E1C0-0C3F-3945-0BC3A4E06838}.Debug|Any CPU.ActiveCfg = Debug|Any CPU
		{042F72B5-E1C0-0C3F-3945-0BC3A4E06838}.Debug|Any CPU.Build.0 = Debug|Any CPU
		{042F72B5-E1C0-0C3F-3945-0BC3A4E06838}.Release|Any CPU.ActiveCfg = Release|Any CPU
		{042F72B5-E1C0-0C3F-3945-0BC3A4E06838}.Release|Any CPU.Build.0 = Release|Any CPU
	EndGlobalSection
	GlobalSection(SolutionProperties) = preSolution
		HideSolutionNode = FALSE
	EndGlobalSection
	GlobalSection(ExtensibilityGlobals) = postSolution
		SolutionGuid = {70CC177B-92FF-43ED-BD50-9AED276826D1}
	EndGlobalSection
EndGlobal
